
Microsoft Visual Studio Solution File, Format Version 12.00
# Visual Studio Version 16
VisualStudioVersion = 16.0.29209.62
MinimumVisualStudioVersion = 10.0.40219.1
Project("{9A19103F-16F7-4668-BE54-9A1E7A4F7556}") = "SimpleRabbit.NetCore", "SimpleRabbit.NetCore\SimpleRabbit.NetCore.csproj", "{005D39F6-9FA3-4321-8F50-1B5967EBADBE}"
EndProject
Project("{9A19103F-16F7-4668-BE54-9A1E7A4F7556}") = "SimpleRabbit.NetCore.Service", "SimpleRabbit.NetCore.Service\SimpleRabbit.NetCore.Service.csproj", "{48551957-A3C9-4FF0-BDAE-66AA85103D48}"
EndProject
Project("{9A19103F-16F7-4668-BE54-9A1E7A4F7556}") = "Subscriber.Service", "Examples\Subscriber.Service\Subscriber.Service.csproj", "{F2F2F0DC-C986-4AC9-9E6D-E446B80F952C}"
EndProject
Project("{9A19103F-16F7-4668-BE54-9A1E7A4F7556}") = "Publisher", "Examples\Publisher\Publisher.csproj", "{93B7A899-A58B-410A-A1C6-D8A90A9B7856}"
EndProject
Project("{2150E333-8FDC-42A3-9474-1A3956D46DE8}") = "Examples", "Examples", "{AA718BB1-A244-4FAC-9A32-343DE6BFF318}"
EndProject
Project("{9A19103F-16F7-4668-BE54-9A1E7A4F7556}") = "Multi-Publisher", "Examples\Multi-Publisher\Multi-Publisher.csproj", "{33C9840B-09D8-4B0F-B1EC-444E8252ED83}"
EndProject
Global
	GlobalSection(SolutionConfigurationPlatforms) = preSolution
		Debug|Any CPU = Debug|Any CPU
		Release|Any CPU = Release|Any CPU
	EndGlobalSection
	GlobalSection(ProjectConfigurationPlatforms) = postSolution
		{005D39F6-9FA3-4321-8F50-1B5967EBADBE}.Debug|Any CPU.ActiveCfg = Debug|Any CPU
		{005D39F6-9FA3-4321-8F50-1B5967EBADBE}.Debug|Any CPU.Build.0 = Debug|Any CPU
		{005D39F6-9FA3-4321-8F50-1B5967EBADBE}.Release|Any CPU.ActiveCfg = Release|Any CPU
		{005D39F6-9FA3-4321-8F50-1B5967EBADBE}.Release|Any CPU.Build.0 = Release|Any CPU
		{48551957-A3C9-4FF0-BDAE-66AA85103D48}.Debug|Any CPU.ActiveCfg = Debug|Any CPU
		{48551957-A3C9-4FF0-BDAE-66AA85103D48}.Debug|Any CPU.Build.0 = Debug|Any CPU
		{48551957-A3C9-4FF0-BDAE-66AA85103D48}.Release|Any CPU.ActiveCfg = Release|Any CPU
		{48551957-A3C9-4FF0-BDAE-66AA85103D48}.Release|Any CPU.Build.0 = Release|Any CPU
		{F2F2F0DC-C986-4AC9-9E6D-E446B80F952C}.Debug|Any CPU.ActiveCfg = Debug|Any CPU
		{F2F2F0DC-C986-4AC9-9E6D-E446B80F952C}.Debug|Any CPU.Build.0 = Debug|Any CPU
		{F2F2F0DC-C986-4AC9-9E6D-E446B80F952C}.Release|Any CPU.ActiveCfg = Release|Any CPU
		{F2F2F0DC-C986-4AC9-9E6D-E446B80F952C}.Release|Any CPU.Build.0 = Release|Any CPU
		{93B7A899-A58B-410A-A1C6-D8A90A9B7856}.Debug|Any CPU.ActiveCfg = Debug|Any CPU
		{93B7A899-A58B-410A-A1C6-D8A90A9B7856}.Debug|Any CPU.Build.0 = Debug|Any CPU
		{93B7A899-A58B-410A-A1C6-D8A90A9B7856}.Release|Any CPU.ActiveCfg = Release|Any CPU
		{93B7A899-A58B-410A-A1C6-D8A90A9B7856}.Release|Any CPU.Build.0 = Release|Any CPU
		{33C9840B-09D8-4B0F-B1EC-444E8252ED83}.Debug|Any CPU.ActiveCfg = Debug|Any CPU
		{33C9840B-09D8-4B0F-B1EC-444E8252ED83}.Debug|Any CPU.Build.0 = Debug|Any CPU
		{33C9840B-09D8-4B0F-B1EC-444E8252ED83}.Release|Any CPU.ActiveCfg = Release|Any CPU
		{33C9840B-09D8-4B0F-B1EC-444E8252ED83}.Release|Any CPU.Build.0 = Release|Any CPU
	EndGlobalSection
	GlobalSection(SolutionProperties) = preSolution
		HideSolutionNode = FALSE
	EndGlobalSection
	GlobalSection(NestedProjects) = preSolution
		{F2F2F0DC-C986-4AC9-9E6D-E446B80F952C} = {AA718BB1-A244-4FAC-9A32-343DE6BFF318}
		{93B7A899-A58B-410A-A1C6-D8A90A9B7856} = {AA718BB1-A244-4FAC-9A32-343DE6BFF318}
		{33C9840B-09D8-4B0F-B1EC-444E8252ED83} = {AA718BB1-A244-4FAC-9A32-343DE6BFF318}
	EndGlobalSection
	GlobalSection(ExtensibilityGlobals) = postSolution
		SolutionGuid = {325060B1-CB28-4224-9CD9-0DA36C124D9D}
	EndGlobalSection
EndGlobal
