
Microsoft Visual Studio Solution File, Format Version 12.00
# Visual Studio 15
VisualStudioVersion = 15.0.27703.2035
MinimumVisualStudioVersion = 10.0.40219.1
Project("{9A19103F-16F7-4668-BE54-9A1E7A4F7556}") = "SimpleRabbit.NetCore", "SimpleRabbit.NetCore\SimpleRabbit.NetCore.csproj", "{005D39F6-9FA3-4321-8F50-1B5967EBADBE}"
EndProject
Project("{9A19103F-16F7-4668-BE54-9A1E7A4F7556}") = "SimpleRabbit.NetCore.Service", "SimpleRabbit.NetCore.Service\SimpleRabbit.NetCore.Service.csproj", "{48551957-A3C9-4FF0-BDAE-66AA85103D48}"
EndProject
Global
	GlobalSection(SolutionConfigurationPlatforms) = preSolution
		Debug|Any CPU = Debug|Any CPU
		Release|Any CPU = Release|Any CPU
	EndGlobalSection
	GlobalSection(ProjectConfigurationPlatforms) = postSolution
		{005D39F6-9FA3-4321-8F50-1B5967EBADBE}.Debug|Any CPU.ActiveCfg = Debug|Any CPU
		{005D39F6-9FA3-4321-8F50-1B5967EBADBE}.Debug|Any CPU.Build.0 = Debug|Any CPU
		{005D39F6-9FA3-4321-8F50-1B5967EBADBE}.Release|Any CPU.ActiveCfg = Release|Any CPU
		{005D39F6-9FA3-4321-8F50-1B5967EBADBE}.Release|Any CPU.Build.0 = Release|Any CPU
		{48551957-A3C9-4FF0-BDAE-66AA85103D48}.Debug|Any CPU.ActiveCfg = Debug|Any CPU
		{48551957-A3C9-4FF0-BDAE-66AA85103D48}.Debug|Any CPU.Build.0 = Debug|Any CPU
		{48551957-A3C9-4FF0-BDAE-66AA85103D48}.Release|Any CPU.ActiveCfg = Release|Any CPU
		{48551957-A3C9-4FF0-BDAE-66AA85103D48}.Release|Any CPU.Build.0 = Release|Any CPU
	EndGlobalSection
	GlobalSection(SolutionProperties) = preSolution
		HideSolutionNode = FALSE
	EndGlobalSection
	GlobalSection(ExtensibilityGlobals) = postSolution
		SolutionGuid = {325060B1-CB28-4224-9CD9-0DA36C124D9D}
	EndGlobalSection
EndGlobal
